# THIS IS AN AUTOGENERATED FILE. DO NOT EDIT THIS FILE DIRECTLY.
# yarn lockfile v1


catchment@1.0.0, catchment@^1.0.0:
  version "1.0.0"
  resolved "https://registry.yarnpkg.com/catchment/-/catchment-1.0.0.tgz#3061f71be0102710be84328d2f94363a165f8c4b"

clean-stack@1.0.0:
  version "1.0.0"
  resolved "https://registry.yarnpkg.com/clean-stack/-/clean-stack-1.0.0.tgz#fe23f557b57db451abde7f34d66a1ce950a50194"

zoroaster@^0.3.0:
  version "0.3.1"
  resolved "https://registry.yarnpkg.com/zoroaster/-/zoroaster-0.3.1.tgz#03e5d7ace56da92ee9bec7fb7a81b2a9b333a8f2"
  dependencies:
    catchment "1.0.0"
    clean-stack "1.0.0"
